
Microsoft Visual Studio Solution File, Format Version 12.00
# Visual Studio Version 17
VisualStudioVersion = 17.13.35913.81
MinimumVisualStudioVersion = 10.0.40219.1
Project("{FAE04EC0-301F-11D3-BF4B-00C04F79EFBC}") = "ProtocolInterop", "ProtocolInterop\ProtocolInterop.csproj", "{8F48BD78-C3D9-48A5-A896-AFA56976BC24}"
EndProject
Project("{FAE04EC0-301F-11D3-BF4B-00C04F79EFBC}") = "ProtocolInterop.Demo", "ProtocolInterop.Demo\ProtocolInterop.Demo.csproj", "{FFE2A906-BFF9-789E-08F2-BE081CA2FEAE}"
EndProject
Global
	GlobalSection(SolutionConfigurationPlatforms) = preSolution
		Debug|Any CPU = Debug|Any CPU
		Release|Any CPU = Release|Any CPU
	EndGlobalSection
	GlobalSection(ProjectConfigurationPlatforms) = postSolution
		{8F48BD78-C3D9-48A5-A896-AFA56976BC24}.Debug|Any CPU.ActiveCfg = Debug|Any CPU
		{8F48BD78-C3D9-48A5-A896-AFA56976BC24}.Debug|Any CPU.Build.0 = Debug|Any CPU
		{8F48BD78-C3D9-48A5-A896-AFA56976BC24}.Release|Any CPU.ActiveCfg = Release|Any CPU
		{8F48BD78-C3D9-48A5-A896-AFA56976BC24}.Release|Any CPU.Build.0 = Release|Any CPU
		{FFE2A906-BFF9-789E-08F2-BE081CA2FEAE}.Debug|Any CPU.ActiveCfg = Debug|Any CPU
		{FFE2A906-BFF9-789E-08F2-BE081CA2FEAE}.Debug|Any CPU.Build.0 = Debug|Any CPU
		{FFE2A906-BFF9-789E-08F2-BE081CA2FEAE}.Release|Any CPU.ActiveCfg = Release|Any CPU
		{FFE2A906-BFF9-789E-08F2-BE081CA2FEAE}.Release|Any CPU.Build.0 = Release|Any CPU
	EndGlobalSection
	GlobalSection(SolutionProperties) = preSolution
		HideSolutionNode = FALSE
	EndGlobalSection
	GlobalSection(ExtensibilityGlobals) = postSolution
		SolutionGuid = {70358224-1EF8-4C61-9743-571EC2087990}
	EndGlobalSection
EndGlobal
