Microsoft Visual Studio Solution File, Format Version 12.00
# Visual Studio Version 17
VisualStudioVersion = 17.5.2.0
MinimumVisualStudioVersion = 10.0.40219.1
Project("{FAE04EC0-301F-11D3-BF4B-00C04F79EFBC}") = "Azure.Iot.Operations.Services", "Azure.Iot.Operations.Services.csproj", "{A98A1401-F7CD-3CAC-A3A0-931D8873FEF9}"
EndProject
Global
	GlobalSection(SolutionConfigurationPlatforms) = preSolution
		Debug|Any CPU = Debug|Any CPU
		Release|Any CPU = Release|Any CPU
	EndGlobalSection
	GlobalSection(ProjectConfigurationPlatforms) = postSolution
		{A98A1401-F7CD-3CAC-A3A0-931D8873FEF9}.Debug|Any CPU.ActiveCfg = Debug|Any CPU
		{A98A1401-F7CD-3CAC-A3A0-931D8873FEF9}.Debug|Any CPU.Build.0 = Debug|Any CPU
		{A98A1401-F7CD-3CAC-A3A0-931D8873FEF9}.Release|Any CPU.ActiveCfg = Release|Any CPU
		{A98A1401-F7CD-3CAC-A3A0-931D8873FEF9}.Release|Any CPU.Build.0 = Release|Any CPU
	EndGlobalSection
	GlobalSection(SolutionProperties) = preSolution
		HideSolutionNode = FALSE
	EndGlobalSection
	GlobalSection(ExtensibilityGlobals) = postSolution
		SolutionGuid = {5D7B8265-62A7-4E82-9C32-536AADFE007E}
	EndGlobalSection
EndGlobal
