
Microsoft Visual Studio Solution File, Format Version 12.00
# Visual Studio Version 17
VisualStudioVersion = 17.5.33627.172
MinimumVisualStudioVersion = 10.0.40219.1
Project("{2150E333-8FDC-42A3-9474-1A3956D46DE8}") = "src", "src", "{1A010448-5B06-42B9-95FE-C31008C700FB}"
EndProject
Project("{9A19103F-16F7-4668-BE54-9A1E7A4F7556}") = "Azure.Iot.Operations.Protocol", "src\Azure.Iot.Operations.Protocol\Azure.Iot.Operations.Protocol.csproj", "{A9E40F4D-8AC8-4565-A45A-AAD83BF3D4CE}"
EndProject
Project("{9A19103F-16F7-4668-BE54-9A1E7A4F7556}") = "Azure.Iot.Operations.Services", "src\Azure.Iot.Operations.Services\Azure.Iot.Operations.Services.csproj", "{B2ABA369-ECCA-409C-9DB2-8E2B22C33075}"
EndProject
Project("{9A19103F-16F7-4668-BE54-9A1E7A4F7556}") = "Azure.Iot.Operations.Mqtt", "src\Azure.Iot.Operations.Mqtt\Azure.Iot.Operations.Mqtt.csproj", "{D4804411-6DE8-4FEA-A5EA-6BFA7499ABEE}"
EndProject
Project("{9A19103F-16F7-4668-BE54-9A1E7A4F7556}") = "Azure.Iot.Operations.Connector", "src\Azure.Iot.Operations.Connector\Azure.Iot.Operations.Connector.csproj", "{14D51034-644B-49BA-B50C-54B3885BD293}"
EndProject
Global
	GlobalSection(SolutionConfigurationPlatforms) = preSolution
		Debug|Any CPU = Debug|Any CPU
		Release|Any CPU = Release|Any CPU
	EndGlobalSection
	GlobalSection(ProjectConfigurationPlatforms) = postSolution
		{A9E40F4D-8AC8-4565-A45A-AAD83BF3D4CE}.Debug|Any CPU.ActiveCfg = Debug|Any CPU
		{A9E40F4D-8AC8-4565-A45A-AAD83BF3D4CE}.Debug|Any CPU.Build.0 = Debug|Any CPU
		{A9E40F4D-8AC8-4565-A45A-AAD83BF3D4CE}.Release|Any CPU.ActiveCfg = Release|Any CPU
		{A9E40F4D-8AC8-4565-A45A-AAD83BF3D4CE}.Release|Any CPU.Build.0 = Release|Any CPU
		{B2ABA369-ECCA-409C-9DB2-8E2B22C33075}.Debug|Any CPU.ActiveCfg = Debug|Any CPU
		{B2ABA369-ECCA-409C-9DB2-8E2B22C33075}.Debug|Any CPU.Build.0 = Debug|Any CPU
		{B2ABA369-ECCA-409C-9DB2-8E2B22C33075}.Release|Any CPU.ActiveCfg = Release|Any CPU
		{B2ABA369-ECCA-409C-9DB2-8E2B22C33075}.Release|Any CPU.Build.0 = Release|Any CPU
		{D4804411-6DE8-4FEA-A5EA-6BFA7499ABEE}.Debug|Any CPU.ActiveCfg = Debug|Any CPU
		{D4804411-6DE8-4FEA-A5EA-6BFA7499ABEE}.Debug|Any CPU.Build.0 = Debug|Any CPU
		{D4804411-6DE8-4FEA-A5EA-6BFA7499ABEE}.Release|Any CPU.ActiveCfg = Release|Any CPU
		{D4804411-6DE8-4FEA-A5EA-6BFA7499ABEE}.Release|Any CPU.Build.0 = Release|Any CPU
		{14D51034-644B-49BA-B50C-54B3885BD293}.Debug|Any CPU.ActiveCfg = Debug|Any CPU
		{14D51034-644B-49BA-B50C-54B3885BD293}.Debug|Any CPU.Build.0 = Debug|Any CPU
		{14D51034-644B-49BA-B50C-54B3885BD293}.Release|Any CPU.ActiveCfg = Release|Any CPU
		{14D51034-644B-49BA-B50C-54B3885BD293}.Release|Any CPU.Build.0 = Release|Any CPU
	EndGlobalSection
	GlobalSection(SolutionProperties) = preSolution
		HideSolutionNode = FALSE
	EndGlobalSection
	GlobalSection(NestedProjects) = preSolution
		{A9E40F4D-8AC8-4565-A45A-AAD83BF3D4CE} = {1A010448-5B06-42B9-95FE-C31008C700FB}
		{B2ABA369-ECCA-409C-9DB2-8E2B22C33075} = {1A010448-5B06-42B9-95FE-C31008C700FB}
		{D4804411-6DE8-4FEA-A5EA-6BFA7499ABEE} = {1A010448-5B06-42B9-95FE-C31008C700FB}
		{14D51034-644B-49BA-B50C-54B3885BD293} = {1A010448-5B06-42B9-95FE-C31008C700FB}
	EndGlobalSection
	GlobalSection(ExtensibilityGlobals) = postSolution
		SolutionGuid = {F2687BCD-45E3-4094-9656-BF183C816BA0}
	EndGlobalSection
EndGlobal
